<?xml version="1.0" encoding="utf-8"?>
<Project ToolsVersion="4.0" xmlns="http://schemas.microsoft.com/developer/msbuild/2003">
  <ItemGroup>
    <Filter Include="Source Files">
      <UniqueIdentifier>{4FC737F1-C7A5-4376-A066-2A32D752A2FF}</UniqueIdentifier>
      <Extensions>cpp;c;cc;cxx;def;odl;idl;hpj;bat;asm;asmx</Extensions>
    </Filter>
    <Filter Include="Header Files">
      <UniqueIdentifier>{93995380-89BD-4b04-88EB-625FBE52EBFB}</UniqueIdentifier>
      <Extensions>h;hh;hpp;hxx;hm;inl;inc;xsd</Extensions>
    </Filter>
    <Filter Include="Resource Files">
      <UniqueIdentifier>{67DA6AB6-F800-4c08-8B7A-83BB121AAD01}</UniqueIdentifier>
      <Extensions>rc;ico;cur;bmp;dlg;rc2;rct;bin;rgs;gif;jpg;jpeg;jpe;resx;tiff;tif;png;wav</Extensions>
    </Filter>
  </ItemGroup>
  <ItemGroup>
    <ClCompile Include="source_code\big_number_class.cpp">
      <Filter>Source Files</Filter>
    </ClCompile>
    <ClCompile Include="source_code\debug_function.cpp">
      <Filter>Source Files</Filter>
    </ClCompile>
    <ClCompile Include="source_code\main.cpp">
      <Filter>Source Files</Filter>
    </ClCompile>
    <ClCompile Include="source_code\math_functions.cpp">
      <Filter>Source Files</Filter>
    </ClCompile>
    <ClCompile Include="source_code\problem_101to150\problem112.cpp">
      <Filter>Source Files</Filter>
    </ClCompile>
    <ClCompile Include="source_code\problem_101to150\problem113.cpp">
      <Filter>Source Files</Filter>
    </ClCompile>
    <ClCompile Include="source_code\problem_101to150\problem119.cpp">
      <Filter>Source Files</Filter>
    </ClCompile>
    <ClCompile Include="source_code\problem_1to50\problem1.cpp">
      <Filter>Source Files</Filter>
    </ClCompile>
    <ClCompile Include="source_code\problem_1to50\problem10.cpp">
      <Filter>Source Files</Filter>
    </ClCompile>
    <ClCompile Include="source_code\problem_1to50\problem11.cpp">
      <Filter>Source Files</Filter>
    </ClCompile>
    <ClCompile Include="source_code\problem_1to50\problem12.cpp">
      <Filter>Source Files</Filter>
    </ClCompile>
    <ClCompile Include="source_code\problem_1to50\problem13.cpp">
      <Filter>Source Files</Filter>
    </ClCompile>
    <ClCompile Include="source_code\problem_1to50\problem14.cpp">
      <Filter>Source Files</Filter>
    </ClCompile>
    <ClCompile Include="source_code\problem_1to50\problem15.cpp">
      <Filter>Source Files</Filter>
    </ClCompile>
    <ClCompile Include="source_code\problem_1to50\problem16.cpp">
      <Filter>Source Files</Filter>
    </ClCompile>
    <ClCompile Include="source_code\problem_1to50\problem17.cpp">
      <Filter>Source Files</Filter>
    </ClCompile>
    <ClCompile Include="source_code\problem_1to50\problem18.cpp">
      <Filter>Source Files</Filter>
    </ClCompile>
    <ClCompile Include="source_code\problem_1to50\problem19.cpp">
      <Filter>Source Files</Filter>
    </ClCompile>
    <ClCompile Include="source_code\problem_1to50\problem2.cpp">
      <Filter>Source Files</Filter>
    </ClCompile>
    <ClCompile Include="source_code\problem_1to50\problem20.cpp">
      <Filter>Source Files</Filter>
    </ClCompile>
    <ClCompile Include="source_code\problem_1to50\problem21.cpp">
      <Filter>Source Files</Filter>
    </ClCompile>
    <ClCompile Include="source_code\problem_1to50\problem22.cpp">
      <Filter>Source Files</Filter>
    </ClCompile>
    <ClCompile Include="source_code\problem_1to50\problem23.cpp">
      <Filter>Source Files</Filter>
    </ClCompile>
    <ClCompile Include="source_code\problem_1to50\problem24.cpp">
      <Filter>Source Files</Filter>
    </ClCompile>
    <ClCompile Include="source_code\problem_1to50\problem25.cpp">
      <Filter>Source Files</Filter>
    </ClCompile>
    <ClCompile Include="source_code\problem_1to50\problem26.cpp">
      <Filter>Source Files</Filter>
    </ClCompile>
    <ClCompile Include="source_code\problem_1to50\problem27.cpp">
      <Filter>Source Files</Filter>
    </ClCompile>
    <ClCompile Include="source_code\problem_1to50\problem28.cpp">
      <Filter>Source Files</Filter>
    </ClCompile>
    <ClCompile Include="source_code\problem_1to50\problem29.cpp">
      <Filter>Source Files</Filter>
    </ClCompile>
    <ClCompile Include="source_code\problem_1to50\problem3.cpp">
      <Filter>Source Files</Filter>
    </ClCompile>
    <ClCompile Include="source_code\problem_1to50\problem30.cpp">
      <Filter>Source Files</Filter>
    </ClCompile>
    <ClCompile Include="source_code\problem_1to50\problem31.cpp">
      <Filter>Source Files</Filter>
    </ClCompile>
    <ClCompile Include="source_code\problem_1to50\problem33.cpp">
      <Filter>Source Files</Filter>
    </ClCompile>
    <ClCompile Include="source_code\problem_1to50\problem34.cpp">
      <Filter>Source Files</Filter>
    </ClCompile>
    <ClCompile Include="source_code\problem_1to50\problem39.cpp">
      <Filter>Source Files</Filter>
    </ClCompile>
    <ClCompile Include="source_code\problem_1to50\problem4.cpp">
      <Filter>Source Files</Filter>
    </ClCompile>
    <ClCompile Include="source_code\problem_1to50\problem48.cpp">
      <Filter>Source Files</Filter>
    </ClCompile>
    <ClCompile Include="source_code\problem_1to50\problem5.cpp">
      <Filter>Source Files</Filter>
    </ClCompile>
    <ClCompile Include="source_code\problem_1to50\problem50.cpp">
      <Filter>Source Files</Filter>
    </ClCompile>
    <ClCompile Include="source_code\problem_1to50\problem6.cpp">
      <Filter>Source Files</Filter>
    </ClCompile>
    <ClCompile Include="source_code\problem_1to50\problem7.cpp">
      <Filter>Source Files</Filter>
    </ClCompile>
    <ClCompile Include="source_code\problem_1to50\problem8.cpp">
      <Filter>Source Files</Filter>
    </ClCompile>
    <ClCompile Include="source_code\problem_1to50\problem9.cpp">
      <Filter>Source Files</Filter>
    </ClCompile>
    <ClCompile Include="source_code\problem_501to550\problem500.cpp">
      <Filter>Source Files</Filter>
    </ClCompile>
    <ClCompile Include="source_code\problem_51to100\problem100.cpp">
      <Filter>Source Files</Filter>
    </ClCompile>
    <ClCompile Include="source_code\problem_51to100\problem52.cpp">
      <Filter>Source Files</Filter>
    </ClCompile>
    <ClCompile Include="source_code\problem_51to100\problem56.cpp">
      <Filter>Source Files</Filter>
    </ClCompile>
    <ClCompile Include="source_code\problem_51to100\problem67.cpp">
      <Filter>Source Files</Filter>
    </ClCompile>
    <ClCompile Include="source_code\problem_51to100\problem69.cpp">
      <Filter>Source Files</Filter>
    </ClCompile>
    <ClCompile Include="source_code\problem_51to100\problem99.cpp">
      <Filter>Source Files</Filter>
    </ClCompile>
    <ClCompile Include="source_code\problem_551to600\problem565.cpp">
      <Filter>Source Files</Filter>
    </ClCompile>
  </ItemGroup>
  <ItemGroup>
    <ClInclude Include="source_code\big_number_class.h">
      <Filter>Header Files</Filter>
    </ClInclude>
    <ClInclude Include="source_code\debug_header.h">
      <Filter>Header Files</Filter>
    </ClInclude>
    <ClInclude Include="source_code\header.h">
      <Filter>Header Files</Filter>
    </ClInclude>
    <ClInclude Include="source_code\math_functions.h">
      <Filter>Header Files</Filter>
    </ClInclude>
    <ClInclude Include="source_code\problem_apis.h">
      <Filter>Header Files</Filter>
    </ClInclude>
    <ClInclude Include="source_code\problem_api_101to150.h">
      <Filter>Header Files</Filter>
    </ClInclude>
    <ClInclude Include="source_code\problem_api_151to200.h">
      <Filter>Header Files</Filter>
    </ClInclude>
    <ClInclude Include="source_code\problem_api_1to50.h">
      <Filter>Header Files</Filter>
    </ClInclude>
    <ClInclude Include="source_code\problem_api_201to250.h">
      <Filter>Header Files</Filter>
    </ClInclude>
    <ClInclude Include="source_code\problem_api_251to300.h">
      <Filter>Header Files</Filter>
    </ClInclude>
    <ClInclude Include="source_code\problem_api_301to350.h">
      <Filter>Header Files</Filter>
    </ClInclude>
    <ClInclude Include="source_code\problem_api_351to400.h">
      <Filter>Header Files</Filter>
    </ClInclude>
    <ClInclude Include="source_code\problem_api_401to450.h">
      <Filter>Header Files</Filter>
    </ClInclude>
    <ClInclude Include="source_code\problem_api_451to500.h">
      <Filter>Header Files</Filter>
    </ClInclude>
    <ClInclude Include="source_code\problem_api_501to550.h">
      <Filter>Header Files</Filter>
    </ClInclude>
    <ClInclude Include="source_code\problem_api_51to100.h">
      <Filter>Header Files</Filter>
    </ClInclude>
    <ClInclude Include="source_code\problem_api_551to600.h">
      <Filter>Header Files</Filter>
    </ClInclude>
  </ItemGroup>
</Project>